canvas:
  aspect_ratio: "16:9"
  width_px: 1920
  height_px: 1080
  safe_margin_px: 72
colors:
  background: "#050505"
  surface: "#111111"
  surface_alt: "#171717"
  text: "#F5F5EF"
  muted_text: "#9A9A92"
  border: "#2A2A2A"
  accent: "#D7FF3F"
  warning: "#F0B35A"
  positive: "#41C875"
  negative: "#EF5350"
typography:
  heading_family: Inter Tight
  body_family: Inter
  mono_family: IBM Plex Mono
  heading_weight: 800
  body_weight: 400
  body_px: 28
  title_px: 64
  min_body_px: 20
chart_palette:
  primary: ["#D7FF3F", "#5E8CFF", "#F0B35A", "#9EAD4D"]
  neutral: "#777777"
  grid: "#2A2A2A"
  highlight: "#D7FF3F"
  rules:
    - Chart colors must come from chart_palette.
    - Axis, labels, and legends remain native/editable when PPTX output is requested.
image_style_lock:
  rendering_family: interface_capture
  palette_policy: brand_exact
  texture_policy: none
  text_policy_default: native_overlay
  prompt_rules:
    - Exact labels, numbers, formulas, citations, UI copy, and chart text remain native.
slide_visual_locks:
  - slide_id: s01
    slide_function: cover
    layout_family: hero_claim
    composition_pattern: metadata_strip_plus_large_claim
    image_type: none
    chart_or_diagram_template: none
    native_overlay_plan: all text native
    allowed_overrides: [accent_rule_position]
  - slide_id: s03
    slide_function: proof
    layout_family: evidence_matrix
    composition_pattern: left_dimension_rail_plus_score_cells
    image_type: none
    chart_or_diagram_template: matrix
    native_overlay_plan: all scores and labels native
    allowed_overrides: [cell_count]
forbidden_features:
  svg: [foreignObject, script, iframe, animate, textPath]
  pptx: [rasterized_action_title, residual_placeholder_tokens, uneditable_core_claim_text]
asset_status: []
