version: 1
purpose: >
  Machine-readable execution lock for deck rendering. This is the anti-drift
  companion to design-direction/deck-spec: agents and renderers re-read this
  short contract before authoring or exporting each slide.
absorbed_from:
  - ppt-master/spec_lock.md
  - ppt-master/docs/technical-design.md

render_lock_contract:
  required_sections:
    - canvas
    - colors
    - typography
    - chart_palette
    - image_style_lock
    - slide_visual_locks
    - forbidden_features
    - asset_status
  rules:
    - Renderers must use values from render-lock instead of reinterpreting design-direction prose.
    - A deck-wide visual style change updates render-lock first, then affected slide specs.
    - Slide-specific overrides must be explicit; silent visual drift is a QA failure.
    - If render-lock conflicts with design-direction prose, render-lock wins for execution.

canvas:
  aspect_ratio: "16:9"
  width_px: 1920
  height_px: 1080
  safe_margin_px: 72

colors:
  background: ""
  surface: ""
  surface_alt: ""
  text: ""
  muted_text: ""
  border: ""
  accent: ""
  warning: ""
  positive: ""
  negative: ""

typography:
  heading_family: ""
  body_family: ""
  mono_family: ""
  heading_weight: 700
  body_weight: 400
  body_px: 28
  title_px: 56
  min_body_px: 20

chart_palette:
  primary: []
  neutral: ""
  grid: ""
  highlight: ""
  rules:
    - Chart colors must come from chart_palette unless a sourced brand override is declared.
    - Axis, labels, and legends remain native/editable when PPTX output is requested.

image_style_lock:
  rendering_family: "none | editorial_photo | vector_illustration | 3d_isometric | sketch_notes | product_mockup | interface_capture"
  palette_policy: "native_theme | warm_accent | cool_accent | grayscale_accent | brand_exact"
  texture_policy: "none | subtle | strong"
  text_policy_default: "native_overlay"
  prompt_rules:
    - The deck-wide rendering_family and palette_policy must be reused across generated images.
    - Exact labels, numbers, formulas, citations, UI copy, and chart text must remain native.
    - Product-representational images require source_or_generation_model and conceptual/real flag.

slide_visual_locks:
  - slide_id: "s01"
    slide_function: ""
    layout_family: ""
    composition_pattern: ""
    image_type: ""
    chart_or_diagram_template: ""
    native_overlay_plan: ""
    allowed_overrides: []

forbidden_features:
  svg:
    - foreignObject
    - script
    - iframe
    - animate
    - textPath
    - symbol_use_without_expansion
    - mask_without_powerpoint_fallback
  pptx:
    - rasterized_action_title
    - residual_placeholder_tokens
    - uneditable_core_claim_text
    - chart_as_image_when_data_editability_required

asset_status:
  - asset_id: ""
    slide_id: ""
    role: ""
    source: ""
    status: "resolved | degraded | blocked"
    attribution_required: false
    local_path: ""

qa_blockers:
  - missing_required_section
  - empty_canonical_colors
  - undeclared_slide_visual_lock_for_key_slide
  - generated_image_without_style_lock
  - pptx_requested_with_forbidden_feature
